
Microsoft Visual Studio Solution File, Format Version 12.00
# Visual Studio Version 17
VisualStudioVersion = 17.1.32228.430
MinimumVisualStudioVersion = 10.0.40219.1
Project("{2150E333-8FDC-42A3-9474-1A3956D46DE8}") = "Solution Items", "Solution Items", "{51EC37D6-3B25-40F3-98EB-6D0A31AFBCB7}"
	ProjectSection(SolutionItems) = preProject
		.editorconfig = .editorconfig
		.gitignore = .gitignore
	EndProjectSection
EndProject
Project("{2150E333-8FDC-42A3-9474-1A3956D46DE8}") = "src", "src", "{0B958473-BEB7-4605-AD82-F64411BF5050}"
EndProject
Project("{2150E333-8FDC-42A3-9474-1A3956D46DE8}") = "tests", "tests", "{E134031A-348C-4D71-ADEA-CC616A817C81}"
EndProject
Project("{9A19103F-16F7-4668-BE54-9A1E7A4F7556}") = "Application", "src\Application\Application.csproj", "{797D4257-0652-4505-AB11-7148830E8375}"
EndProject
Project("{9A19103F-16F7-4668-BE54-9A1E7A4F7556}") = "Domain", "src\Domain\Domain.csproj", "{0A5BFC91-F96D-4376-B106-8ADCF7CEA565}"
EndProject
Project("{9A19103F-16F7-4668-BE54-9A1E7A4F7556}") = "Infrastructure", "src\Infrastructure\Infrastructure.csproj", "{369AC48B-81D9-4CA4-9623-93720AA40F25}"
EndProject
Project("{9A19103F-16F7-4668-BE54-9A1E7A4F7556}") = "Web.API", "src\Web.API\Web.API.csproj", "{5672D1CB-FF35-4117-92EC-5AF03FE7DD97}"
EndProject
Project("{FAE04EC0-301F-11D3-BF4B-00C04F79EFBC}") = "Application.Tests", "tests\Application.Tests\Application.Tests.csproj", "{4D90014E-A54A-44AC-988F-4B8648DAD9EA}"
EndProject
Project("{FAE04EC0-301F-11D3-BF4B-00C04F79EFBC}") = "Domain.Tests", "tests\Domain.Tests\Domain.Tests.csproj", "{5C29508A-7AC6-4D98-994B-69FD550255D9}"
EndProject
Project("{FAE04EC0-301F-11D3-BF4B-00C04F79EFBC}") = "Infrastructure.Tests", "tests\Infrastructure.Tests\Infrastructure.Tests.csproj", "{1F91F2B1-E098-4E6C-9660-D5D3DECC2227}"
EndProject
Project("{FAE04EC0-301F-11D3-BF4B-00C04F79EFBC}") = "Web.API.Tests", "tests\Web.API.Tests\Web.API.Tests.csproj", "{903C3B96-D394-44A0-8055-9F7CCE661F54}"
EndProject
Project("{FAE04EC0-301F-11D3-BF4B-00C04F79EFBC}") = "Web.APP.Server", "src\Web.APP.Server\Web.APP.Server.csproj", "{5DC7D982-4A57-4E0E-8ABB-01AE6D7AEAB9}"
EndProject
Project("{54A90642-561A-4BB1-A94E-469ADEE60C69}") = "web.app.client", "src\web.app.client\web.app.client.esproj", "{EED3A8CC-2BA2-4A67-868F-688B81B4148B}"
EndProject
Global
	GlobalSection(SolutionConfigurationPlatforms) = preSolution
		Debug|Any CPU = Debug|Any CPU
		Release|Any CPU = Release|Any CPU
	EndGlobalSection
	GlobalSection(ProjectConfigurationPlatforms) = postSolution
		{797D4257-0652-4505-AB11-7148830E8375}.Debug|Any CPU.ActiveCfg = Debug|Any CPU
		{797D4257-0652-4505-AB11-7148830E8375}.Debug|Any CPU.Build.0 = Debug|Any CPU
		{797D4257-0652-4505-AB11-7148830E8375}.Release|Any CPU.ActiveCfg = Release|Any CPU
		{797D4257-0652-4505-AB11-7148830E8375}.Release|Any CPU.Build.0 = Release|Any CPU
		{0A5BFC91-F96D-4376-B106-8ADCF7CEA565}.Debug|Any CPU.ActiveCfg = Debug|Any CPU
		{0A5BFC91-F96D-4376-B106-8ADCF7CEA565}.Debug|Any CPU.Build.0 = Debug|Any CPU
		{0A5BFC91-F96D-4376-B106-8ADCF7CEA565}.Release|Any CPU.ActiveCfg = Release|Any CPU
		{0A5BFC91-F96D-4376-B106-8ADCF7CEA565}.Release|Any CPU.Build.0 = Release|Any CPU
		{369AC48B-81D9-4CA4-9623-93720AA40F25}.Debug|Any CPU.ActiveCfg = Debug|Any CPU
		{369AC48B-81D9-4CA4-9623-93720AA40F25}.Debug|Any CPU.Build.0 = Debug|Any CPU
		{369AC48B-81D9-4CA4-9623-93720AA40F25}.Release|Any CPU.ActiveCfg = Release|Any CPU
		{369AC48B-81D9-4CA4-9623-93720AA40F25}.Release|Any CPU.Build.0 = Release|Any CPU
		{5672D1CB-FF35-4117-92EC-5AF03FE7DD97}.Debug|Any CPU.ActiveCfg = Debug|Any CPU
		{5672D1CB-FF35-4117-92EC-5AF03FE7DD97}.Debug|Any CPU.Build.0 = Debug|Any CPU
		{5672D1CB-FF35-4117-92EC-5AF03FE7DD97}.Release|Any CPU.ActiveCfg = Release|Any CPU
		{5672D1CB-FF35-4117-92EC-5AF03FE7DD97}.Release|Any CPU.Build.0 = Release|Any CPU
		{4D90014E-A54A-44AC-988F-4B8648DAD9EA}.Debug|Any CPU.ActiveCfg = Debug|Any CPU
		{4D90014E-A54A-44AC-988F-4B8648DAD9EA}.Debug|Any CPU.Build.0 = Debug|Any CPU
		{4D90014E-A54A-44AC-988F-4B8648DAD9EA}.Release|Any CPU.ActiveCfg = Release|Any CPU
		{4D90014E-A54A-44AC-988F-4B8648DAD9EA}.Release|Any CPU.Build.0 = Release|Any CPU
		{5C29508A-7AC6-4D98-994B-69FD550255D9}.Debug|Any CPU.ActiveCfg = Debug|Any CPU
		{5C29508A-7AC6-4D98-994B-69FD550255D9}.Debug|Any CPU.Build.0 = Debug|Any CPU
		{5C29508A-7AC6-4D98-994B-69FD550255D9}.Release|Any CPU.ActiveCfg = Release|Any CPU
		{5C29508A-7AC6-4D98-994B-69FD550255D9}.Release|Any CPU.Build.0 = Release|Any CPU
		{1F91F2B1-E098-4E6C-9660-D5D3DECC2227}.Debug|Any CPU.ActiveCfg = Debug|Any CPU
		{1F91F2B1-E098-4E6C-9660-D5D3DECC2227}.Debug|Any CPU.Build.0 = Debug|Any CPU
		{1F91F2B1-E098-4E6C-9660-D5D3DECC2227}.Release|Any CPU.ActiveCfg = Release|Any CPU
		{1F91F2B1-E098-4E6C-9660-D5D3DECC2227}.Release|Any CPU.Build.0 = Release|Any CPU
		{903C3B96-D394-44A0-8055-9F7CCE661F54}.Debug|Any CPU.ActiveCfg = Debug|Any CPU
		{903C3B96-D394-44A0-8055-9F7CCE661F54}.Debug|Any CPU.Build.0 = Debug|Any CPU
		{903C3B96-D394-44A0-8055-9F7CCE661F54}.Release|Any CPU.ActiveCfg = Release|Any CPU
		{903C3B96-D394-44A0-8055-9F7CCE661F54}.Release|Any CPU.Build.0 = Release|Any CPU
		{5DC7D982-4A57-4E0E-8ABB-01AE6D7AEAB9}.Debug|Any CPU.ActiveCfg = Debug|Any CPU
		{5DC7D982-4A57-4E0E-8ABB-01AE6D7AEAB9}.Debug|Any CPU.Build.0 = Debug|Any CPU
		{5DC7D982-4A57-4E0E-8ABB-01AE6D7AEAB9}.Release|Any CPU.ActiveCfg = Release|Any CPU
		{5DC7D982-4A57-4E0E-8ABB-01AE6D7AEAB9}.Release|Any CPU.Build.0 = Release|Any CPU
		{EED3A8CC-2BA2-4A67-868F-688B81B4148B}.Debug|Any CPU.ActiveCfg = Debug|Any CPU
		{EED3A8CC-2BA2-4A67-868F-688B81B4148B}.Debug|Any CPU.Build.0 = Debug|Any CPU
		{EED3A8CC-2BA2-4A67-868F-688B81B4148B}.Debug|Any CPU.Deploy.0 = Debug|Any CPU
		{EED3A8CC-2BA2-4A67-868F-688B81B4148B}.Release|Any CPU.ActiveCfg = Release|Any CPU
		{EED3A8CC-2BA2-4A67-868F-688B81B4148B}.Release|Any CPU.Build.0 = Release|Any CPU
		{EED3A8CC-2BA2-4A67-868F-688B81B4148B}.Release|Any CPU.Deploy.0 = Release|Any CPU
	EndGlobalSection
	GlobalSection(SolutionProperties) = preSolution
		HideSolutionNode = FALSE
	EndGlobalSection
	GlobalSection(NestedProjects) = preSolution
		{797D4257-0652-4505-AB11-7148830E8375} = {0B958473-BEB7-4605-AD82-F64411BF5050}
		{0A5BFC91-F96D-4376-B106-8ADCF7CEA565} = {0B958473-BEB7-4605-AD82-F64411BF5050}
		{369AC48B-81D9-4CA4-9623-93720AA40F25} = {0B958473-BEB7-4605-AD82-F64411BF5050}
		{5672D1CB-FF35-4117-92EC-5AF03FE7DD97} = {0B958473-BEB7-4605-AD82-F64411BF5050}
		{4D90014E-A54A-44AC-988F-4B8648DAD9EA} = {E134031A-348C-4D71-ADEA-CC616A817C81}
		{5C29508A-7AC6-4D98-994B-69FD550255D9} = {E134031A-348C-4D71-ADEA-CC616A817C81}
		{1F91F2B1-E098-4E6C-9660-D5D3DECC2227} = {E134031A-348C-4D71-ADEA-CC616A817C81}
		{903C3B96-D394-44A0-8055-9F7CCE661F54} = {E134031A-348C-4D71-ADEA-CC616A817C81}
		{5DC7D982-4A57-4E0E-8ABB-01AE6D7AEAB9} = {0B958473-BEB7-4605-AD82-F64411BF5050}
		{EED3A8CC-2BA2-4A67-868F-688B81B4148B} = {0B958473-BEB7-4605-AD82-F64411BF5050}
	EndGlobalSection
	GlobalSection(ExtensibilityGlobals) = postSolution
		SolutionGuid = {E8D9FAF6-AE73-4D22-8EBA-FC7A77780DAF}
	EndGlobalSection
EndGlobal
