
Microsoft Visual Studio Solution File, Format Version 12.00
# Visual Studio Version 17
VisualStudioVersion = 17.1.32228.430
MinimumVisualStudioVersion = 10.0.40219.1
Project("{2150E333-8FDC-42A3-9474-1A3956D46DE8}") = "Solution Items", "Solution Items", "{51EC37D6-3B25-40F3-98EB-6D0A31AFBCB7}"
	ProjectSection(SolutionItems) = preProject
		.editorconfig = .editorconfig
		.gitignore = .gitignore
	EndProjectSection
EndProject
Project("{2150E333-8FDC-42A3-9474-1A3956D46DE8}") = "src", "src", "{0B958473-BEB7-4605-AD82-F64411BF5050}"
EndProject
Project("{2150E333-8FDC-42A3-9474-1A3956D46DE8}") = "tests", "tests", "{E134031A-348C-4D71-ADEA-CC616A817C81}"
EndProject
Project("{9A19103F-16F7-4668-BE54-9A1E7A4F7556}") = "Application", "Application\Application.csproj", "{797D4257-0652-4505-AB11-7148830E8375}"
EndProject
Project("{9A19103F-16F7-4668-BE54-9A1E7A4F7556}") = "Domain", "Domain\Domain.csproj", "{0A5BFC91-F96D-4376-B106-8ADCF7CEA565}"
EndProject
Project("{9A19103F-16F7-4668-BE54-9A1E7A4F7556}") = "Infrastructure", "Infrastructure\Infrastructure.csproj", "{369AC48B-81D9-4CA4-9623-93720AA40F25}"
EndProject
Project("{9A19103F-16F7-4668-BE54-9A1E7A4F7556}") = "Web.API", "Web.API\Web.API.csproj", "{5672D1CB-FF35-4117-92EC-5AF03FE7DD97}"
EndProject
Global
	GlobalSection(SolutionConfigurationPlatforms) = preSolution
		Debug|Any CPU = Debug|Any CPU
		Release|Any CPU = Release|Any CPU
	EndGlobalSection
	GlobalSection(ProjectConfigurationPlatforms) = postSolution
		{797D4257-0652-4505-AB11-7148830E8375}.Debug|Any CPU.ActiveCfg = Debug|Any CPU
		{797D4257-0652-4505-AB11-7148830E8375}.Debug|Any CPU.Build.0 = Debug|Any CPU
		{797D4257-0652-4505-AB11-7148830E8375}.Release|Any CPU.ActiveCfg = Release|Any CPU
		{797D4257-0652-4505-AB11-7148830E8375}.Release|Any CPU.Build.0 = Release|Any CPU
		{0A5BFC91-F96D-4376-B106-8ADCF7CEA565}.Debug|Any CPU.ActiveCfg = Debug|Any CPU
		{0A5BFC91-F96D-4376-B106-8ADCF7CEA565}.Debug|Any CPU.Build.0 = Debug|Any CPU
		{0A5BFC91-F96D-4376-B106-8ADCF7CEA565}.Release|Any CPU.ActiveCfg = Release|Any CPU
		{0A5BFC91-F96D-4376-B106-8ADCF7CEA565}.Release|Any CPU.Build.0 = Release|Any CPU
		{369AC48B-81D9-4CA4-9623-93720AA40F25}.Debug|Any CPU.ActiveCfg = Debug|Any CPU
		{369AC48B-81D9-4CA4-9623-93720AA40F25}.Debug|Any CPU.Build.0 = Debug|Any CPU
		{369AC48B-81D9-4CA4-9623-93720AA40F25}.Release|Any CPU.ActiveCfg = Release|Any CPU
		{369AC48B-81D9-4CA4-9623-93720AA40F25}.Release|Any CPU.Build.0 = Release|Any CPU
		{5672D1CB-FF35-4117-92EC-5AF03FE7DD97}.Debug|Any CPU.ActiveCfg = Debug|Any CPU
		{5672D1CB-FF35-4117-92EC-5AF03FE7DD97}.Debug|Any CPU.Build.0 = Debug|Any CPU
		{5672D1CB-FF35-4117-92EC-5AF03FE7DD97}.Release|Any CPU.ActiveCfg = Release|Any CPU
		{5672D1CB-FF35-4117-92EC-5AF03FE7DD97}.Release|Any CPU.Build.0 = Release|Any CPU
		{9912BC7F-9037-41C3-B843-28D824381C6B}.Debug|Any CPU.ActiveCfg = Debug|Any CPU
		{9912BC7F-9037-41C3-B843-28D824381C6B}.Debug|Any CPU.Build.0 = Debug|Any CPU
		{9912BC7F-9037-41C3-B843-28D824381C6B}.Release|Any CPU.ActiveCfg = Release|Any CPU
		{9912BC7F-9037-41C3-B843-28D824381C6B}.Release|Any CPU.Build.0 = Release|Any CPU
		{155F7E7A-694C-4E83-8553-84DDCB4297CC}.Debug|Any CPU.ActiveCfg = Debug|Any CPU
		{155F7E7A-694C-4E83-8553-84DDCB4297CC}.Debug|Any CPU.Build.0 = Debug|Any CPU
		{155F7E7A-694C-4E83-8553-84DDCB4297CC}.Release|Any CPU.ActiveCfg = Release|Any CPU
		{155F7E7A-694C-4E83-8553-84DDCB4297CC}.Release|Any CPU.Build.0 = Release|Any CPU
	EndGlobalSection
	GlobalSection(SolutionProperties) = preSolution
		HideSolutionNode = FALSE
	EndGlobalSection
	GlobalSection(NestedProjects) = preSolution
		{797D4257-0652-4505-AB11-7148830E8375} = {0B958473-BEB7-4605-AD82-F64411BF5050}
		{0A5BFC91-F96D-4376-B106-8ADCF7CEA565} = {0B958473-BEB7-4605-AD82-F64411BF5050}
		{369AC48B-81D9-4CA4-9623-93720AA40F25} = {0B958473-BEB7-4605-AD82-F64411BF5050}
		{5672D1CB-FF35-4117-92EC-5AF03FE7DD97} = {0B958473-BEB7-4605-AD82-F64411BF5050}
		{9912BC7F-9037-41C3-B843-28D824381C6B} = {0B958473-BEB7-4605-AD82-F64411BF5050}
	EndGlobalSection
	GlobalSection(ExtensibilityGlobals) = postSolution
		SolutionGuid = {E8D9FAF6-AE73-4D22-8EBA-FC7A77780DAF}
	EndGlobalSection
EndGlobal
